
Microsoft Visual Studio Solution File, Format Version 12.00
# Visual Studio Version 17
VisualStudioVersion = 17.4.33122.133
MinimumVisualStudioVersion = 10.0.40219.1
Project("{FAE04EC0-301F-11D3-BF4B-00C04F79EFBC}") = "EventDrivenATM", "EventDrivenATM\EventDrivenATM.csproj", "{66D75AC7-25BC-40D7-937B-3C4D502691C5}"
EndProject
Global
	GlobalSection(SolutionConfigurationPlatforms) = preSolution
		Debug|Any CPU = Debug|Any CPU
		Release|Any CPU = Release|Any CPU
	EndGlobalSection
	GlobalSection(ProjectConfigurationPlatforms) = postSolution
		{66D75AC7-25BC-40D7-937B-3C4D502691C5}.Debug|Any CPU.ActiveCfg = Debug|Any CPU
		{66D75AC7-25BC-40D7-937B-3C4D502691C5}.Debug|Any CPU.Build.0 = Debug|Any CPU
		{66D75AC7-25BC-40D7-937B-3C4D502691C5}.Release|Any CPU.ActiveCfg = Release|Any CPU
		{66D75AC7-25BC-40D7-937B-3C4D502691C5}.Release|Any CPU.Build.0 = Release|Any CPU
	EndGlobalSection
	GlobalSection(SolutionProperties) = preSolution
		HideSolutionNode = FALSE
	EndGlobalSection
	GlobalSection(ExtensibilityGlobals) = postSolution
		SolutionGuid = {E95F7FF4-A7B7-4CEF-9999-54B24F2041A0}
	EndGlobalSection
EndGlobal
